// !$*UTF8*$!
{
	archiveVersion = 1;
	classes = {
	};
	objectVersion = 51;
	objects = {

/* Begin PBXBuildFile section */
		2064E59E2446E5D000F593CD /* HTTPClient.swift in Sources */ = {isa = PBXBuildFile; fileRef = 2064E59D2446E5D000F593CD /* HTTPClient.swift */; };
		2064E5A02446E7CB00F593CD /* GenreResponseApiModel.swift in Sources */ = {isa = PBXBuildFile; fileRef = 2064E59F2446E7CB00F593CD /* GenreResponseApiModel.swift */; };
		2064E5A22446EBB500F593CD /* MovieAPI.swift in Sources */ = {isa = PBXBuildFile; fileRef = 2064E5A12446EBB500F593CD /* MovieAPI.swift */; };
		2064E5A42446ED4A00F593CD /* MovieListResponse.swift in Sources */ = {isa = PBXBuildFile; fileRef = 2064E5A32446ED4A00F593CD /* MovieListResponse.swift */; };
		20661E082445F97E005EED0D /* AppDelegate.swift in Sources */ = {isa = PBXBuildFile; fileRef = 20661E072445F97E005EED0D /* AppDelegate.swift */; };
		20661E0C2445F97E005EED0D /* AllMovieListViewController.swift in Sources */ = {isa = PBXBuildFile; fileRef = 20661E0B2445F97E005EED0D /* AllMovieListViewController.swift */; };
		20661E0F2445F97E005EED0D /* Main.storyboard in Resources */ = {isa = PBXBuildFile; fileRef = 20661E0D2445F97E005EED0D /* Main.storyboard */; };
		20661E122445F97E005EED0D /* MovieViewApp.xcdatamodeld in Sources */ = {isa = PBXBuildFile; fileRef = 20661E102445F97E005EED0D /* MovieViewApp.xcdatamodeld */; };
		20661E142445F97F005EED0D /* Assets.xcassets in Resources */ = {isa = PBXBuildFile; fileRef = 20661E132445F97F005EED0D /* Assets.xcassets */; };
		20661E172445F97F005EED0D /* LaunchScreen.storyboard in Resources */ = {isa = PBXBuildFile; fileRef = 20661E152445F97F005EED0D /* LaunchScreen.storyboard */; };
		36D653D1CD095708B8449B06 /* Pods_MovieViewApp.framework in Frameworks */ = {isa = PBXBuildFile; fileRef = FE52756D5FF689E8573A501C /* Pods_MovieViewApp.framework */; };
/* End PBXBuildFile section */

/* Begin PBXFileReference section */
		2064E59D2446E5D000F593CD /* HTTPClient.swift */ = {isa = PBXFileReference; lastKnownFileType = sourcecode.swift; path = HTTPClient.swift; sourceTree = "<group>"; };
		2064E59F2446E7CB00F593CD /* GenreResponseApiModel.swift */ = {isa = PBXFileReference; lastKnownFileType = sourcecode.swift; path = GenreResponseApiModel.swift; sourceTree = "<group>"; };
		2064E5A12446EBB500F593CD /* MovieAPI.swift */ = {isa = PBXFileReference; lastKnownFileType = sourcecode.swift; path = MovieAPI.swift; sourceTree = "<group>"; };
		2064E5A32446ED4A00F593CD /* MovieListResponse.swift */ = {isa = PBXFileReference; lastKnownFileType = sourcecode.swift; path = MovieListResponse.swift; sourceTree = "<group>"; };
		20661E042445F97E005EED0D /* MovieViewApp.app */ = {isa = PBXFileReference; explicitFileType = wrapper.application; includeInIndex = 0; path = MovieViewApp.app; sourceTree = BUILT_PRODUCTS_DIR; };
		20661E072445F97E005EED0D /* AppDelegate.swift */ = {isa = PBXFileReference; lastKnownFileType = sourcecode.swift; path = AppDelegate.swift; sourceTree = "<group>"; };
		20661E0B2445F97E005EED0D /* AllMovieListViewController.swift */ = {isa = PBXFileReference; lastKnownFileType = sourcecode.swift; path = AllMovieListViewController.swift; sourceTree = "<group>"; };
		20661E0E2445F97E005EED0D /* Base */ = {isa = PBXFileReference; lastKnownFileType = file.storyboard; name = Base; path = Base.lproj/Main.storyboard; sourceTree = "<group>"; };
		20661E112445F97E005EED0D /* MovieViewApp.xcdatamodel */ = {isa = PBXFileReference; lastKnownFileType = wrapper.xcdatamodel; path = MovieViewApp.xcdatamodel; sourceTree = "<group>"; };
		20661E132445F97F005EED0D /* Assets.xcassets */ = {isa = PBXFileReference; lastKnownFileType = folder.assetcatalog; path = Assets.xcassets; sourceTree = "<group>"; };
		20661E162445F97F005EED0D /* Base */ = {isa = PBXFileReference; lastKnownFileType = file.storyboard; name = Base; path = Base.lproj/LaunchScreen.storyboard; sourceTree = "<group>"; };
		20661E182445F97F005EED0D /* Info.plist */ = {isa = PBXFileReference; lastKnownFileType = text.plist.xml; path = Info.plist; sourceTree = "<group>"; };
		64A107AD6B011F50D42F4BBC /* Pods-MovieViewApp.release.xcconfig */ = {isa = PBXFileReference; includeInIndex = 1; lastKnownFileType = text.xcconfig; name = "Pods-MovieViewApp.release.xcconfig"; path = "Target Support Files/Pods-MovieViewApp/Pods-MovieViewApp.release.xcconfig"; sourceTree = "<group>"; };
		D7B62428BA1FAA8296922085 /* Pods-MovieViewApp.debug.xcconfig */ = {isa = PBXFileReference; includeInIndex = 1; lastKnownFileType = text.xcconfig; name = "Pods-MovieViewApp.debug.xcconfig"; path = "Target Support Files/Pods-MovieViewApp/Pods-MovieViewApp.debug.xcconfig"; sourceTree = "<group>"; };
		FE52756D5FF689E8573A501C /* Pods_MovieViewApp.framework */ = {isa = PBXFileReference; explicitFileType = wrapper.framework; includeInIndex = 0; path = Pods_MovieViewApp.framework; sourceTree = BUILT_PRODUCTS_DIR; };
/* End PBXFileReference section */

/* Begin PBXFrameworksBuildPhase section */
		20661E012445F97E005EED0D /* Frameworks */ = {
			isa = PBXFrameworksBuildPhase;
			buildActionMask = 2147483647;
			files = (
				36D653D1CD095708B8449B06 /* Pods_MovieViewApp.framework in Frameworks */,
			);
			runOnlyForDeploymentPostprocessing = 0;
		};
/* End PBXFrameworksBuildPhase section */

/* Begin PBXGroup section */
		20661DFB2445F97D005EED0D = {
			isa = PBXGroup;
			children = (
				20661E062445F97E005EED0D /* MovieViewApp */,
				20661E052445F97E005EED0D /* Products */,
				D5A47E16533422A7188F35AA /* Pods */,
				3FBFC31DF7543ADD60657156 /* Frameworks */,
			);
			sourceTree = "<group>";
		};
		20661E052445F97E005EED0D /* Products */ = {
			isa = PBXGroup;
			children = (
				20661E042445F97E005EED0D /* MovieViewApp.app */,
			);
			name = Products;
			sourceTree = "<group>";
		};
		20661E062445F97E005EED0D /* MovieViewApp */ = {
			isa = PBXGroup;
			children = (
				20661E182445F97F005EED0D /* Info.plist */,
				20C790D02446E4E00088030A /* Extensions */,
				20C790CF2446E4DB0088030A /* Network */,
				20C790CE2446E4D00088030A /* Persistance */,
				20661E21244600B0005EED0D /* Recources */,
				20661E20244600AC005EED0D /* Model */,
				20661E1F244600A6005EED0D /* View */,
				20661E1E2446009D005EED0D /* Presenter */,
				20C790CD2446E4AE0088030A /* Router */,
			);
			path = MovieViewApp;
			sourceTree = "<group>";
		};
		20661E1E2446009D005EED0D /* Presenter */ = {
			isa = PBXGroup;
			children = (
			);
			path = Presenter;
			sourceTree = "<group>";
		};
		20661E1F244600A6005EED0D /* View */ = {
			isa = PBXGroup;
			children = (
				20661E0B2445F97E005EED0D /* AllMovieListViewController.swift */,
			);
			path = View;
			sourceTree = "<group>";
		};
		20661E20244600AC005EED0D /* Model */ = {
			isa = PBXGroup;
			children = (
				20661E102445F97E005EED0D /* MovieViewApp.xcdatamodeld */,
				2064E59F2446E7CB00F593CD /* GenreResponseApiModel.swift */,
				2064E5A32446ED4A00F593CD /* MovieListResponse.swift */,
			);
			path = Model;
			sourceTree = "<group>";
		};
		20661E21244600B0005EED0D /* Recources */ = {
			isa = PBXGroup;
			children = (
				20661E0D2445F97E005EED0D /* Main.storyboard */,
				20661E152445F97F005EED0D /* LaunchScreen.storyboard */,
				20661E072445F97E005EED0D /* AppDelegate.swift */,
				20661E132445F97F005EED0D /* Assets.xcassets */,
			);
			path = Recources;
			sourceTree = "<group>";
		};
		20C790CD2446E4AE0088030A /* Router */ = {
			isa = PBXGroup;
			children = (
			);
			path = Router;
			sourceTree = "<group>";
		};
		20C790CE2446E4D00088030A /* Persistance */ = {
			isa = PBXGroup;
			children = (
			);
			path = Persistance;
			sourceTree = "<group>";
		};
		20C790CF2446E4DB0088030A /* Network */ = {
			isa = PBXGroup;
			children = (
				2064E59D2446E5D000F593CD /* HTTPClient.swift */,
				2064E5A12446EBB500F593CD /* MovieAPI.swift */,
			);
			path = Network;
			sourceTree = "<group>";
		};
		20C790D02446E4E00088030A /* Extensions */ = {
			isa = PBXGroup;
			children = (
			);
			path = Extensions;
			sourceTree = "<group>";
		};
		3FBFC31DF7543ADD60657156 /* Frameworks */ = {
			isa = PBXGroup;
			children = (
				FE52756D5FF689E8573A501C /* Pods_MovieViewApp.framework */,
			);
			name = Frameworks;
			sourceTree = "<group>";
		};
		D5A47E16533422A7188F35AA /* Pods */ = {
			isa = PBXGroup;
			children = (
				D7B62428BA1FAA8296922085 /* Pods-MovieViewApp.debug.xcconfig */,
				64A107AD6B011F50D42F4BBC /* Pods-MovieViewApp.release.xcconfig */,
			);
			path = Pods;
			sourceTree = "<group>";
		};
/* End PBXGroup section */

/* Begin PBXNativeTarget section */
		20661E032445F97E005EED0D /* MovieViewApp */ = {
			isa = PBXNativeTarget;
			buildConfigurationList = 20661E1B2445F97F005EED0D /* Build configuration list for PBXNativeTarget "MovieViewApp" */;
			buildPhases = (
				1F4B946E5209472C8F59FD75 /* [CP] Check Pods Manifest.lock */,
				20661E002445F97E005EED0D /* Sources */,
				20661E012445F97E005EED0D /* Frameworks */,
				20661E022445F97E005EED0D /* Resources */,
				9E6D843FDA806489D9AF2B98 /* [CP] Embed Pods Frameworks */,
			);
			buildRules = (
			);
			dependencies = (
			);
			name = MovieViewApp;
			productName = MovieViewApp;
			productReference = 20661E042445F97E005EED0D /* MovieViewApp.app */;
			productType = "com.apple.product-type.application";
		};
/* End PBXNativeTarget section */

/* Begin PBXProject section */
		20661DFC2445F97D005EED0D /* Project object */ = {
			isa = PBXProject;
			attributes = {
				LastSwiftUpdateCheck = 1110;
				LastUpgradeCheck = 1110;
				ORGANIZATIONNAME = "Alexander Team";
				TargetAttributes = {
					20661E032445F97E005EED0D = {
						CreatedOnToolsVersion = 11.1;
					};
				};
			};
			buildConfigurationList = 20661DFF2445F97D005EED0D /* Build configuration list for PBXProject "MovieViewApp" */;
			compatibilityVersion = "Xcode 9.3";
			developmentRegion = en;
			hasScannedForEncodings = 0;
			knownRegions = (
				en,
				Base,
			);
			mainGroup = 20661DFB2445F97D005EED0D;
			productRefGroup = 20661E052445F97E005EED0D /* Products */;
			projectDirPath = "";
			projectRoot = "";
			targets = (
				20661E032445F97E005EED0D /* MovieViewApp */,
			);
		};
/* End PBXProject section */

/* Begin PBXResourcesBuildPhase section */
		20661E022445F97E005EED0D /* Resources */ = {
			isa = PBXResourcesBuildPhase;
			buildActionMask = 2147483647;
			files = (
				20661E172445F97F005EED0D /* LaunchScreen.storyboard in Resources */,
				20661E142445F97F005EED0D /* Assets.xcassets in Resources */,
				20661E0F2445F97E005EED0D /* Main.storyboard in Resources */,
			);
			runOnlyForDeploymentPostprocessing = 0;
		};
/* End PBXResourcesBuildPhase section */

/* Begin PBXShellScriptBuildPhase section */
		1F4B946E5209472C8F59FD75 /* [CP] Check Pods Manifest.lock */ = {
			isa = PBXShellScriptBuildPhase;
			buildActionMask = 2147483647;
			files = (
			);
			inputFileListPaths = (
			);
			inputPaths = (
				"${PODS_PODFILE_DIR_PATH}/Podfile.lock",
				"${PODS_ROOT}/Manifest.lock",
			);
			name = "[CP] Check Pods Manifest.lock";
			outputFileListPaths = (
			);
			outputPaths = (
				"$(DERIVED_FILE_DIR)/Pods-MovieViewApp-checkManifestLockResult.txt",
			);
			runOnlyForDeploymentPostprocessing = 0;
			shellPath = /bin/sh;
			shellScript = "diff \"${PODS_PODFILE_DIR_PATH}/Podfile.lock\" \"${PODS_ROOT}/Manifest.lock\" > /dev/null\nif [ $? != 0 ] ; then\n    # print error to STDERR\n    echo \"error: The sandbox is not in sync with the Podfile.lock. Run 'pod install' or update your CocoaPods installation.\" >&2\n    exit 1\nfi\n# This output is used by Xcode 'outputs' to avoid re-running this script phase.\necho \"SUCCESS\" > \"${SCRIPT_OUTPUT_FILE_0}\"\n";
			showEnvVarsInLog = 0;
		};
		9E6D843FDA806489D9AF2B98 /* [CP] Embed Pods Frameworks */ = {
			isa = PBXShellScriptBuildPhase;
			buildActionMask = 2147483647;
			files = (
			);
			inputFileListPaths = (
				"${PODS_ROOT}/Target Support Files/Pods-MovieViewApp/Pods-MovieViewApp-frameworks-${CONFIGURATION}-input-files.xcfilelist",
			);
			name = "[CP] Embed Pods Frameworks";
			outputFileListPaths = (
				"${PODS_ROOT}/Target Support Files/Pods-MovieViewApp/Pods-MovieViewApp-frameworks-${CONFIGURATION}-output-files.xcfilelist",
			);
			runOnlyForDeploymentPostprocessing = 0;
			shellPath = /bin/sh;
			shellScript = "\"${PODS_ROOT}/Target Support Files/Pods-MovieViewApp/Pods-MovieViewApp-frameworks.sh\"\n";
			showEnvVarsInLog = 0;
		};
/* End PBXShellScriptBuildPhase section */

/* Begin PBXSourcesBuildPhase section */
		20661E002445F97E005EED0D /* Sources */ = {
			isa = PBXSourcesBuildPhase;
			buildActionMask = 2147483647;
			files = (
				20661E0C2445F97E005EED0D /* AllMovieListViewController.swift in Sources */,
				20661E122445F97E005EED0D /* MovieViewApp.xcdatamodeld in Sources */,
				2064E5A02446E7CB00F593CD /* GenreResponseApiModel.swift in Sources */,
				2064E5A22446EBB500F593CD /* MovieAPI.swift in Sources */,
				2064E59E2446E5D000F593CD /* HTTPClient.swift in Sources */,
				20661E082445F97E005EED0D /* AppDelegate.swift in Sources */,
				2064E5A42446ED4A00F593CD /* MovieListResponse.swift in Sources */,
			);
			runOnlyForDeploymentPostprocessing = 0;
		};
/* End PBXSourcesBuildPhase section */

/* Begin PBXVariantGroup section */
		20661E0D2445F97E005EED0D /* Main.storyboard */ = {
			isa = PBXVariantGroup;
			children = (
				20661E0E2445F97E005EED0D /* Base */,
			);
			name = Main.storyboard;
			sourceTree = "<group>";
		};
		20661E152445F97F005EED0D /* LaunchScreen.storyboard */ = {
			isa = PBXVariantGroup;
			children = (
				20661E162445F97F005EED0D /* Base */,
			);
			name = LaunchScreen.storyboard;
			sourceTree = "<group>";
		};
/* End PBXVariantGroup section */

/* Begin XCBuildConfiguration section */
		20661E192445F97F005EED0D /* Debug */ = {
			isa = XCBuildConfiguration;
			buildSettings = {
				ALWAYS_SEARCH_USER_PATHS = NO;
				CLANG_ANALYZER_NONNULL = YES;
				CLANG_ANALYZER_NUMBER_OBJECT_CONVERSION = YES_AGGRESSIVE;
				CLANG_CXX_LANGUAGE_STANDARD = "gnu++14";
				CLANG_CXX_LIBRARY = "libc++";
				CLANG_ENABLE_MODULES = YES;
				CLANG_ENABLE_OBJC_ARC = YES;
				CLANG_ENABLE_OBJC_WEAK = YES;
				CLANG_WARN_BLOCK_CAPTURE_AUTORELEASING = YES;
				CLANG_WARN_BOOL_CONVERSION = YES;
				CLANG_WARN_COMMA = YES;
				CLANG_WARN_CONSTANT_CONVERSION = YES;
				CLANG_WARN_DEPRECATED_OBJC_IMPLEMENTATIONS = YES;
				CLANG_WARN_DIRECT_OBJC_ISA_USAGE = YES_ERROR;
				CLANG_WARN_DOCUMENTATION_COMMENTS = YES;
				CLANG_WARN_EMPTY_BODY = YES;
				CLANG_WARN_ENUM_CONVERSION = YES;
				CLANG_WARN_INFINITE_RECURSION = YES;
				CLANG_WARN_INT_CONVERSION = YES;
				CLANG_WARN_NON_LITERAL_NULL_CONVERSION = YES;
				CLANG_WARN_OBJC_IMPLICIT_RETAIN_SELF = YES;
				CLANG_WARN_OBJC_LITERAL_CONVERSION = YES;
				CLANG_WARN_OBJC_ROOT_CLASS = YES_ERROR;
				CLANG_WARN_RANGE_LOOP_ANALYSIS = YES;
				CLANG_WARN_STRICT_PROTOTYPES = YES;
				CLANG_WARN_SUSPICIOUS_MOVE = YES;
				CLANG_WARN_UNGUARDED_AVAILABILITY = YES_AGGRESSIVE;
				CLANG_WARN_UNREACHABLE_CODE = YES;
				CLANG_WARN__DUPLICATE_METHOD_MATCH = YES;
				COPY_PHASE_STRIP = NO;
				DEBUG_INFORMATION_FORMAT = dwarf;
				ENABLE_STRICT_OBJC_MSGSEND = YES;
				ENABLE_TESTABILITY = YES;
				GCC_C_LANGUAGE_STANDARD = gnu11;
				GCC_DYNAMIC_NO_PIC = NO;
				GCC_NO_COMMON_BLOCKS = YES;
				GCC_OPTIMIZATION_LEVEL = 0;
				GCC_PREPROCESSOR_DEFINITIONS = (
					"DEBUG=1",
					"$(inherited)",
				);
				GCC_WARN_64_TO_32_BIT_CONVERSION = YES;
				GCC_WARN_ABOUT_RETURN_TYPE = YES_ERROR;
				GCC_WARN_UNDECLARED_SELECTOR = YES;
				GCC_WARN_UNINITIALIZED_AUTOS = YES_AGGRESSIVE;
				GCC_WARN_UNUSED_FUNCTION = YES;
				GCC_WARN_UNUSED_VARIABLE = YES;
				IPHONEOS_DEPLOYMENT_TARGET = 13.1;
				MTL_ENABLE_DEBUG_INFO = INCLUDE_SOURCE;
				MTL_FAST_MATH = YES;
				ONLY_ACTIVE_ARCH = YES;
				SDKROOT = iphoneos;
				SWIFT_ACTIVE_COMPILATION_CONDITIONS = DEBUG;
				SWIFT_OPTIMIZATION_LEVEL = "-Onone";
			};
			name = Debug;
		};
		20661E1A2445F97F005EED0D /* Release */ = {
			isa = XCBuildConfiguration;
			buildSettings = {
				ALWAYS_SEARCH_USER_PATHS = NO;
				CLANG_ANALYZER_NONNULL = YES;
				CLANG_ANALYZER_NUMBER_OBJECT_CONVERSION = YES_AGGRESSIVE;
				CLANG_CXX_LANGUAGE_STANDARD = "gnu++14";
				CLANG_CXX_LIBRARY = "libc++";
				CLANG_ENABLE_MODULES = YES;
				CLANG_ENABLE_OBJC_ARC = YES;
				CLANG_ENABLE_OBJC_WEAK = YES;
				CLANG_WARN_BLOCK_CAPTURE_AUTORELEASING = YES;
				CLANG_WARN_BOOL_CONVERSION = YES;
				CLANG_WARN_COMMA = YES;
				CLANG_WARN_CONSTANT_CONVERSION = YES;
				CLANG_WARN_DEPRECATED_OBJC_IMPLEMENTATIONS = YES;
				CLANG_WARN_DIRECT_OBJC_ISA_USAGE = YES_ERROR;
				CLANG_WARN_DOCUMENTATION_COMMENTS = YES;
				CLANG_WARN_EMPTY_BODY = YES;
				CLANG_WARN_ENUM_CONVERSION = YES;
				CLANG_WARN_INFINITE_RECURSION = YES;
				CLANG_WARN_INT_CONVERSION = YES;
				CLANG_WARN_NON_LITERAL_NULL_CONVERSION = YES;
				CLANG_WARN_OBJC_IMPLICIT_RETAIN_SELF = YES;
				CLANG_WARN_OBJC_LITERAL_CONVERSION = YES;
				CLANG_WARN_OBJC_ROOT_CLASS = YES_ERROR;
				CLANG_WARN_RANGE_LOOP_ANALYSIS = YES;
				CLANG_WARN_STRICT_PROTOTYPES = YES;
				CLANG_WARN_SUSPICIOUS_MOVE = YES;
				CLANG_WARN_UNGUARDED_AVAILABILITY = YES_AGGRESSIVE;
				CLANG_WARN_UNREACHABLE_CODE = YES;
				CLANG_WARN__DUPLICATE_METHOD_MATCH = YES;
				COPY_PHASE_STRIP = NO;
				DEBUG_INFORMATION_FORMAT = "dwarf-with-dsym";
				ENABLE_NS_ASSERTIONS = NO;
				ENABLE_STRICT_OBJC_MSGSEND = YES;
				GCC_C_LANGUAGE_STANDARD = gnu11;
				GCC_NO_COMMON_BLOCKS = YES;
				GCC_WARN_64_TO_32_BIT_CONVERSION = YES;
				GCC_WARN_ABOUT_RETURN_TYPE = YES_ERROR;
				GCC_WARN_UNDECLARED_SELECTOR = YES;
				GCC_WARN_UNINITIALIZED_AUTOS = YES_AGGRESSIVE;
				GCC_WARN_UNUSED_FUNCTION = YES;
				GCC_WARN_UNUSED_VARIABLE = YES;
				IPHONEOS_DEPLOYMENT_TARGET = 13.1;
				MTL_ENABLE_DEBUG_INFO = NO;
				MTL_FAST_MATH = YES;
				SDKROOT = iphoneos;
				SWIFT_COMPILATION_MODE = wholemodule;
				SWIFT_OPTIMIZATION_LEVEL = "-O";
				VALIDATE_PRODUCT = YES;
			};
			name = Release;
		};
		20661E1C2445F97F005EED0D /* Debug */ = {
			isa = XCBuildConfiguration;
			baseConfigurationReference = D7B62428BA1FAA8296922085 /* Pods-MovieViewApp.debug.xcconfig */;
			buildSettings = {
				ASSETCATALOG_COMPILER_APPICON_NAME = AppIcon;
				CODE_SIGN_STYLE = Automatic;
				DEVELOPMENT_TEAM = E8W748977J;
				INFOPLIST_FILE = MovieViewApp/Info.plist;
				LD_RUNPATH_SEARCH_PATHS = (
					"$(inherited)",
					"@executable_path/Frameworks",
				);
				PRODUCT_BUNDLE_IDENTIFIER = com.esuba.MovieViewApp;
				PRODUCT_NAME = "$(TARGET_NAME)";
				SWIFT_VERSION = 5.0;
				TARGETED_DEVICE_FAMILY = 1;
			};
			name = Debug;
		};
		20661E1D2445F97F005EED0D /* Release */ = {
			isa = XCBuildConfiguration;
			baseConfigurationReference = 64A107AD6B011F50D42F4BBC /* Pods-MovieViewApp.release.xcconfig */;
			buildSettings = {
				ASSETCATALOG_COMPILER_APPICON_NAME = AppIcon;
				CODE_SIGN_STYLE = Automatic;
				DEVELOPMENT_TEAM = E8W748977J;
				INFOPLIST_FILE = MovieViewApp/Info.plist;
				LD_RUNPATH_SEARCH_PATHS = (
					"$(inherited)",
					"@executable_path/Frameworks",
				);
				PRODUCT_BUNDLE_IDENTIFIER = com.esuba.MovieViewApp;
				PRODUCT_NAME = "$(TARGET_NAME)";
				SWIFT_VERSION = 5.0;
				TARGETED_DEVICE_FAMILY = 1;
			};
			name = Release;
		};
/* End XCBuildConfiguration section */

/* Begin XCConfigurationList section */
		20661DFF2445F97D005EED0D /* Build configuration list for PBXProject "MovieViewApp" */ = {
			isa = XCConfigurationList;
			buildConfigurations = (
				20661E192445F97F005EED0D /* Debug */,
				20661E1A2445F97F005EED0D /* Release */,
			);
			defaultConfigurationIsVisible = 0;
			defaultConfigurationName = Release;
		};
		20661E1B2445F97F005EED0D /* Build configuration list for PBXNativeTarget "MovieViewApp" */ = {
			isa = XCConfigurationList;
			buildConfigurations = (
				20661E1C2445F97F005EED0D /* Debug */,
				20661E1D2445F97F005EED0D /* Release */,
			);
			defaultConfigurationIsVisible = 0;
			defaultConfigurationName = Release;
		};
/* End XCConfigurationList section */

/* Begin XCVersionGroup section */
		20661E102445F97E005EED0D /* MovieViewApp.xcdatamodeld */ = {
			isa = XCVersionGroup;
			children = (
				20661E112445F97E005EED0D /* MovieViewApp.xcdatamodel */,
			);
			currentVersion = 20661E112445F97E005EED0D /* MovieViewApp.xcdatamodel */;
			path = MovieViewApp.xcdatamodeld;
			sourceTree = "<group>";
			versionGroupType = wrapper.xcdatamodel;
		};
/* End XCVersionGroup section */
	};
	rootObject = 20661DFC2445F97D005EED0D /* Project object */;
}
